{
  "name": "@stayer/routing",
  "version": "0.0.2",
  "lockfileVersion": 1,
  "requires": true,
  "dependencies": {
    "@stayer/interfaces": {
      "version": "0.0.8",
      "resolved": "https://registry.npmjs.org/@stayer/interfaces/-/interfaces-0.0.8.tgz",
      "integrity": "sha512-JTNTRhWjk6bLBPdbgKWOuX03ZsuC1nGBdoGm9RlS0LV/nkwq2pUO7J6205BIEQQ/3xtObqmGXVeOLGhJ1bR5mA=="
    },
    "reflect-metadata": {
      "version": "0.1.12",
      "resolved": "https://registry.npmjs.org/reflect-metadata/-/reflect-metadata-0.1.12.tgz",
      "integrity": "sha512-n+IyV+nGz3+0q3/Yf1ra12KpCyi001bi4XFxSjbiWWjfqb52iTTtpGXmCCAOWWIAn9KEuFZKGqBERHmrtScZ3A=="
    },
    "typescript": {
      "version": "2.7.1",
      "resolved": "https://registry.npmjs.org/typescript/-/typescript-2.7.1.tgz",
      "integrity": "sha512-bqB1yS6o9TNA9ZC/MJxM0FZzPnZdtHj0xWK/IZ5khzVqdpGul/R/EIiHRgFXlwTD7PSIaYVnGKq1QgMCu2mnqw==",
      "dev": true
    }
  }
}
