{
  "name": "@stayer/routing",
  "version": "0.0.1",
  "lockfileVersion": 1,
  "requires": true,
  "dependencies": {
    "@stayer/interfaces": {
      "version": "0.0.5",
      "resolved": "https://registry.npmjs.org/@stayer/interfaces/-/interfaces-0.0.5.tgz",
      "integrity": "sha512-KF7q4hLyM+cFFAjmWXSvTYEP6rLRmnUZIQhvrFamIXkQZ9bKFgdMxNs1clcA5wtqsVgeBe0qclU19MrQ6OuAtg=="
    },
    "typescript": {
      "version": "2.7.1",
      "resolved": "https://registry.npmjs.org/typescript/-/typescript-2.7.1.tgz",
      "integrity": "sha512-bqB1yS6o9TNA9ZC/MJxM0FZzPnZdtHj0xWK/IZ5khzVqdpGul/R/EIiHRgFXlwTD7PSIaYVnGKq1QgMCu2mnqw==",
      "dev": true
    }
  }
}
